
Microsoft Visual Studio Solution File, Format Version 12.00
# Visual Studio 15
VisualStudioVersion = 15.0.26730.15
MinimumVisualStudioVersion = 10.0.40219.1
Project("{FAE04EC0-301F-11D3-BF4B-00C04F79EFBC}") = "Game8", "Game8\Game8.csproj", "{44CA5187-A784-4F45-9D19-0F918CC90079}"
EndProject
Global
	GlobalSection(SolutionConfigurationPlatforms) = preSolution
		Debug|Any CPU = Debug|Any CPU
		Release|Any CPU = Release|Any CPU
	EndGlobalSection
	GlobalSection(ProjectConfigurationPlatforms) = postSolution
		{44CA5187-A784-4F45-9D19-0F918CC90079}.Debug|Any CPU.ActiveCfg = Debug|Any CPU
		{44CA5187-A784-4F45-9D19-0F918CC90079}.Debug|Any CPU.Build.0 = Debug|Any CPU
		{44CA5187-A784-4F45-9D19-0F918CC90079}.Release|Any CPU.ActiveCfg = Release|Any CPU
		{44CA5187-A784-4F45-9D19-0F918CC90079}.Release|Any CPU.Build.0 = Release|Any CPU
	EndGlobalSection
	GlobalSection(SolutionProperties) = preSolution
		HideSolutionNode = FALSE
	EndGlobalSection
	GlobalSection(ExtensibilityGlobals) = postSolution
		SolutionGuid = {BAF3EF76-A705-4E9D-B6CA-397EFC41E9C5}
	EndGlobalSection
EndGlobal
